{
  "name": "sentry-browser",
  "version": "1.0.0",
  "lockfileVersion": 3,
  "requires": true,
  "packages": {
    "": {
      "name": "sentry-browser",
      "version": "1.0.0",
      "license": "ISC",
      "dependencies": {
        "@sentry/browser": "^7.90.0"
      }
    },
    "node_modules/@sentry-internal/feedback": {
      "version": "7.90.0",
      "resolved": "https://registry.npmjs.org/@sentry-internal/feedback/-/feedback-7.90.0.tgz",
      "integrity": "sha512-ZIdpwK9KmiE/UYGUgNE3N9A5MWm92rbC/0u04LxQfZh0tGqN2EchwivQpFCWuu5QsKMlsza7aO6YQXsKvwt1Ww==",
      "dependencies": {
        "@sentry/core": "7.90.0",
        "@sentry/types": "7.90.0",
        "@sentry/utils": "7.90.0"
      },
      "engines": {
        "node": ">=12"
      }
    },
    "node_modules/@sentry-internal/tracing": {
      "version": "7.90.0",
      "resolved": "https://registry.npmjs.org/@sentry-internal/tracing/-/tracing-7.90.0.tgz",
      "integrity": "sha512-74jEtpdio9aRkiVBcrY1ZJXek0oFMqxDJK6BkJNCA+aUK1z96V9viehANRk3Nbxm01rWjmH1U4e1siuo9FhjuQ==",
      "dependencies": {
        "@sentry/core": "7.90.0",
        "@sentry/types": "7.90.0",
        "@sentry/utils": "7.90.0"
      },
      "engines": {
        "node": ">=8"
      }
    },
    "node_modules/@sentry/browser": {
      "version": "7.90.0",
      "resolved": "https://registry.npmjs.org/@sentry/browser/-/browser-7.90.0.tgz",
      "integrity": "sha512-ik3Jwo+TYjoEesJlt3PlHDcPE9h//WwyUsVkV9ZsVx0MSXb8c1VC4uDMsyUqjA+gPImmw1l9KlWZtvaOooZEhg==",
      "dependencies": {
        "@sentry-internal/feedback": "7.90.0",
        "@sentry-internal/tracing": "7.90.0",
        "@sentry/core": "7.90.0",
        "@sentry/replay": "7.90.0",
        "@sentry/types": "7.90.0",
        "@sentry/utils": "7.90.0"
      },
      "engines": {
        "node": ">=8"
      }
    },
    "node_modules/@sentry/core": {
      "version": "7.90.0",
      "resolved": "https://registry.npmjs.org/@sentry/core/-/core-7.90.0.tgz",
      "integrity": "sha512-HolpdHjULCwehKPWHR6IPQM0NBjmORhlBU7FtCh/e8TtSkZ9ztPsuofNBomMS1+mdbL+yxOIc9KUYEl0zRfeAQ==",
      "dependencies": {
        "@sentry/types": "7.90.0",
        "@sentry/utils": "7.90.0"
      },
      "engines": {
        "node": ">=8"
      }
    },
    "node_modules/@sentry/replay": {
      "version": "7.90.0",
      "resolved": "https://registry.npmjs.org/@sentry/replay/-/replay-7.90.0.tgz",
      "integrity": "sha512-fsABtzQ5JQI7G5CC4fg05lVI5DTbd1uwKi41xVKFRmCB5NVTHvK7bHgP8n6uSbnle+gp9rUxVPLLBIPjKfaTmw==",
      "dependencies": {
        "@sentry-internal/tracing": "7.90.0",
        "@sentry/core": "7.90.0",
        "@sentry/types": "7.90.0",
        "@sentry/utils": "7.90.0"
      },
      "engines": {
        "node": ">=12"
      }
    },
    "node_modules/@sentry/types": {
      "version": "7.90.0",
      "resolved": "https://registry.npmjs.org/@sentry/types/-/types-7.90.0.tgz",
      "integrity": "sha512-dA0Mtba5jYlcQ6xBsGILZuFq4NGrWLfr2ys036z2JE4H1+3PxOVERlD3Di7p+WKYM5gjFw10Hn3EgUV979E3dA==",
      "engines": {
        "node": ">=8"
      }
    },
    "node_modules/@sentry/utils": {
      "version": "7.90.0",
      "resolved": "https://registry.npmjs.org/@sentry/utils/-/utils-7.90.0.tgz",
      "integrity": "sha512-6BpqAzONm/HQbdlL4TY2W2vBSmaG/eVvwUaHoz0wB49EkWwpF6j/SO9Kb/XkiA/qp9GoJVXpnGBFQLPx7kv/Yw==",
      "dependencies": {
        "@sentry/types": "7.90.0"
      },
      "engines": {
        "node": ">=8"
      }
    }
  }
}
